
Microsoft Visual Studio Solution File, Format Version 12.00
# Visual Studio Version 17
VisualStudioVersion = 17.14.36301.6
MinimumVisualStudioVersion = 10.0.40219.1
Project("{FAE04EC0-301F-11D3-BF4B-00C04F79EFBC}") = "MeterReadingsApi", "src\API\MeterReadingsApi.csproj", "{2FC52417-F5DF-45F9-ADB2-2684E5AB03E8}"
EndProject
Project("{FAE04EC0-301F-11D3-BF4B-00C04F79EFBC}") = "MeterReadingsApi.UnitTests", "tests\MeterReadingsApi.UnitTests\MeterReadingsApi.UnitTests.csproj", "{BA6651A4-DCAA-4CD7-85C1-3E05DA089010}"
EndProject
Project("{2150E333-8FDC-42A3-9474-1A3956D46DE8}") = "Solution Items", "Solution Items", "{8EC462FD-D22E-90A8-E5CE-7E832BA40C5D}"
	ProjectSection(SolutionItems) = preProject
		README.md = README.md
	EndProjectSection
EndProject
Project("{2150E333-8FDC-42A3-9474-1A3956D46DE8}") = "src", "src", "{02EA681E-C7D8-13C7-8484-4AC65E1B71E8}"
EndProject
Project("{2150E333-8FDC-42A3-9474-1A3956D46DE8}") = "tests", "tests", "{8DE9CC5F-084E-41A2-A14D-DD191A794201}"
EndProject
Global
	GlobalSection(SolutionConfigurationPlatforms) = preSolution
		Debug|Any CPU = Debug|Any CPU
		Release|Any CPU = Release|Any CPU
	EndGlobalSection
	GlobalSection(ProjectConfigurationPlatforms) = postSolution
		{2FC52417-F5DF-45F9-ADB2-2684E5AB03E8}.Debug|Any CPU.ActiveCfg = Debug|Any CPU
		{2FC52417-F5DF-45F9-ADB2-2684E5AB03E8}.Debug|Any CPU.Build.0 = Debug|Any CPU
		{2FC52417-F5DF-45F9-ADB2-2684E5AB03E8}.Release|Any CPU.ActiveCfg = Release|Any CPU
		{2FC52417-F5DF-45F9-ADB2-2684E5AB03E8}.Release|Any CPU.Build.0 = Release|Any CPU
		{BA6651A4-DCAA-4CD7-85C1-3E05DA089010}.Debug|Any CPU.ActiveCfg = Debug|Any CPU
		{BA6651A4-DCAA-4CD7-85C1-3E05DA089010}.Debug|Any CPU.Build.0 = Debug|Any CPU
		{BA6651A4-DCAA-4CD7-85C1-3E05DA089010}.Release|Any CPU.ActiveCfg = Release|Any CPU
		{BA6651A4-DCAA-4CD7-85C1-3E05DA089010}.Release|Any CPU.Build.0 = Release|Any CPU
	EndGlobalSection
	GlobalSection(SolutionProperties) = preSolution
		HideSolutionNode = FALSE
	EndGlobalSection
	GlobalSection(NestedProjects) = preSolution
		{2FC52417-F5DF-45F9-ADB2-2684E5AB03E8} = {02EA681E-C7D8-13C7-8484-4AC65E1B71E8}
		{BA6651A4-DCAA-4CD7-85C1-3E05DA089010} = {8DE9CC5F-084E-41A2-A14D-DD191A794201}
	EndGlobalSection
	GlobalSection(ExtensibilityGlobals) = postSolution
		SolutionGuid = {8352D752-CBA2-4BC2-9C2A-C92E167AD4EB}
	EndGlobalSection
EndGlobal
